name: test-lock

on:
  schedule:
    - cron: '0 19 * * *'  # Every 19:00 UTC = 12:00 PST

jobs:
  check-rebuild-lock:
    strategy:
      matrix:
        os: [ ubuntu-latest ]
        python-version: [ "3.8", "3.9", "3.10", "3.11" ]
    runs-on: ${{ matrix.os }}
    steps:
      - name: Check out OQpy
        uses: actions/checkout@v3

      - name: Install uv
        uses: astral-sh/setup-uv@v5

      - name: Set up Python ${{ matrix.python-version }}
        run: uv python install ${{ matrix.python-version }}

      - name: Rebuild lock file
        run: uv lock --python ${{ matrix.python-version }}

      - name: Install dependencies
        run: uv sync --python ${{ matrix.python-version }}

      - name: Run pytest
        run: uv run --python ${{ matrix.python-version }} make check-tests
